
Microsoft Visual Studio Solution File, Format Version 12.00
# Visual Studio 14
VisualStudioVersion = 14.0.25420.1
MinimumVisualStudioVersion = 10.0.40219.1
Project("{FAE04EC0-301F-11D3-BF4B-00C04F79EFBC}") = "GuidFinder", "GuidFinder.csproj", "{9801AE29-85FC-4F8C-B059-027D2C99AE9E}"
EndProject
Project("{FAE04EC0-301F-11D3-BF4B-00C04F79EFBC}") = "WellNet.Utils", "..\WellNet.Utils\WellNet.Utils.csproj", "{6778AB4F-A69C-4098-8B20-71D41E289A47}"
EndProject
Project("{FAE04EC0-301F-11D3-BF4B-00C04F79EFBC}") = "WellNet.Sql", "..\WellNet.Sql\WellNet.Sql.csproj", "{D83A481B-CC6C-44FA-B395-147B0E9D9F20}"
EndProject
Global
	GlobalSection(SolutionConfigurationPlatforms) = preSolution
		Debug|Any CPU = Debug|Any CPU
		Release|Any CPU = Release|Any CPU
	EndGlobalSection
	GlobalSection(ProjectConfigurationPlatforms) = postSolution
		{9801AE29-85FC-4F8C-B059-027D2C99AE9E}.Debug|Any CPU.ActiveCfg = Debug|Any CPU
		{9801AE29-85FC-4F8C-B059-027D2C99AE9E}.Debug|Any CPU.Build.0 = Debug|Any CPU
		{9801AE29-85FC-4F8C-B059-027D2C99AE9E}.Release|Any CPU.ActiveCfg = Release|Any CPU
		{9801AE29-85FC-4F8C-B059-027D2C99AE9E}.Release|Any CPU.Build.0 = Release|Any CPU
		{6778AB4F-A69C-4098-8B20-71D41E289A47}.Debug|Any CPU.ActiveCfg = Debug|Any CPU
		{6778AB4F-A69C-4098-8B20-71D41E289A47}.Debug|Any CPU.Build.0 = Debug|Any CPU
		{6778AB4F-A69C-4098-8B20-71D41E289A47}.Release|Any CPU.ActiveCfg = Release|Any CPU
		{6778AB4F-A69C-4098-8B20-71D41E289A47}.Release|Any CPU.Build.0 = Release|Any CPU
		{D83A481B-CC6C-44FA-B395-147B0E9D9F20}.Debug|Any CPU.ActiveCfg = Debug|Any CPU
		{D83A481B-CC6C-44FA-B395-147B0E9D9F20}.Debug|Any CPU.Build.0 = Debug|Any CPU
		{D83A481B-CC6C-44FA-B395-147B0E9D9F20}.Release|Any CPU.ActiveCfg = Release|Any CPU
		{D83A481B-CC6C-44FA-B395-147B0E9D9F20}.Release|Any CPU.Build.0 = Release|Any CPU
	EndGlobalSection
	GlobalSection(SolutionProperties) = preSolution
		HideSolutionNode = FALSE
	EndGlobalSection
EndGlobal
